
Microsoft Visual Studio Solution File, Format Version 12.00
# Visual Studio Version 17
VisualStudioVersion = 17.14.36212.18 d17.14
MinimumVisualStudioVersion = 10.0.40219.1
Project("{8BC9CEB8-8B4A-11D0-8D11-00A0C91BC942}") = "cursor-momentum", "cursor-momentum.vcxproj", "{161488E5-ACDE-4AC5-81FE-77C8EA6B0032}"
EndProject
Global
	GlobalSection(SolutionConfigurationPlatforms) = preSolution
		Debug|x64 = Debug|x64
		Debug|x86 = Debug|x86
		Release|x64 = Release|x64
		Release|x86 = Release|x86
	EndGlobalSection
	GlobalSection(ProjectConfigurationPlatforms) = postSolution
		{161488E5-ACDE-4AC5-81FE-77C8EA6B0032}.Debug|x64.ActiveCfg = Debug|x64
		{161488E5-ACDE-4AC5-81FE-77C8EA6B0032}.Debug|x64.Build.0 = Debug|x64
		{161488E5-ACDE-4AC5-81FE-77C8EA6B0032}.Debug|x86.ActiveCfg = Debug|Win32
		{161488E5-ACDE-4AC5-81FE-77C8EA6B0032}.Debug|x86.Build.0 = Debug|Win32
		{161488E5-ACDE-4AC5-81FE-77C8EA6B0032}.Release|x64.ActiveCfg = Release|x64
		{161488E5-ACDE-4AC5-81FE-77C8EA6B0032}.Release|x64.Build.0 = Release|x64
		{161488E5-ACDE-4AC5-81FE-77C8EA6B0032}.Release|x86.ActiveCfg = Release|Win32
		{161488E5-ACDE-4AC5-81FE-77C8EA6B0032}.Release|x86.Build.0 = Release|Win32
	EndGlobalSection
	GlobalSection(SolutionProperties) = preSolution
		HideSolutionNode = FALSE
	EndGlobalSection
	GlobalSection(ExtensibilityGlobals) = postSolution
		SolutionGuid = {AD39E468-520C-4C46-B2B1-9A14CFDED54A}
	EndGlobalSection
EndGlobal
